// !$*UTF8*$!
{
	archiveVersion = 1;
	classes = {
	};
	objectVersion = 46;
	objects = {

/* Begin PBXBuildFile section */
		02AA5E0B14D57AF2004CE70D /* Gradient.m in Sources */ = {isa = PBXBuildFile; fileRef = 02AA5E0614D57AF2004CE70D /* Gradient.m */; };
		02AA5E0C14D57AF2004CE70D /* GradientNode.m in Sources */ = {isa = PBXBuildFile; fileRef = 02AA5E0814D57AF2004CE70D /* GradientNode.m */; };
		02AA5E0D14D57AF2004CE70D /* GradientView.m in Sources */ = {isa = PBXBuildFile; fileRef = 02AA5E0A14D57AF2004CE70D /* GradientView.m */; };
		02AA5E3814D59768004CE70D /* CoreLocation.framework in Frameworks */ = {isa = PBXBuildFile; fileRef = 02AA5E3714D59768004CE70D /* CoreLocation.framework */; };
		02AA5E3C14D597DB004CE70D /* MKMapView+ZoomLevel.m in Sources */ = {isa = PBXBuildFile; fileRef = 02AA5E3B14D597DB004CE70D /* MKMapView+ZoomLevel.m */; };
		02C8A2B514C97CA60021F408 /* UIKit.framework in Frameworks */ = {isa = PBXBuildFile; fileRef = 02C8A2B414C97CA60021F408 /* UIKit.framework */; };
		02C8A2B714C97CA60021F408 /* Foundation.framework in Frameworks */ = {isa = PBXBuildFile; fileRef = 02C8A2B614C97CA60021F408 /* Foundation.framework */; };
		02C8A2B914C97CA60021F408 /* CoreGraphics.framework in Frameworks */ = {isa = PBXBuildFile; fileRef = 02C8A2B814C97CA60021F408 /* CoreGraphics.framework */; };
		02C8A2BF14C97CA60021F408 /* InfoPlist.strings in Resources */ = {isa = PBXBuildFile; fileRef = 02C8A2BD14C97CA60021F408 /* InfoPlist.strings */; };
		02C8A2C114C97CA60021F408 /* main.m in Sources */ = {isa = PBXBuildFile; fileRef = 02C8A2C014C97CA60021F408 /* main.m */; };
		02C8A2C514C97CA60021F408 /* IFAppDelegate.m in Sources */ = {isa = PBXBuildFile; fileRef = 02C8A2C414C97CA60021F408 /* IFAppDelegate.m */; };
		02C8A2CC14C97CC00021F408 /* MapKit.framework in Frameworks */ = {isa = PBXBuildFile; fileRef = 02C8A2CB14C97CC00021F408 /* MapKit.framework */; };
		02C8A2CE14C97CC80021F408 /* QuartzCore.framework in Frameworks */ = {isa = PBXBuildFile; fileRef = 02C8A2CD14C97CC80021F408 /* QuartzCore.framework */; };
		06EB0C960A5F5BD3B643E5D9 /* SettingsViewController_Image_2.png in Resources */ = {isa = PBXBuildFile; fileRef = 9C1CE9CFDB6EFCC84830C88B /* SettingsViewController_Image_2.png */; };
		0F111E41C66D83A3A8142E18 /* FishOnViewController.m in Sources */ = {isa = PBXBuildFile; fileRef = 1CFFC0FE8EC0D4D1CCFA0231 /* FishOnViewController.m */; };
		3CB1E50196FF83C47AD550DA /* SettingsViewController_Image_4.png in Resources */ = {isa = PBXBuildFile; fileRef = 5862405C0FB88183B7AE7DCF /* SettingsViewController_Image_4.png */; };
		3ECCA5CB4CAF4562EA566E92 /* 000IslandsViewController_Image_2.png in Resources */ = {isa = PBXBuildFile; fileRef = A92F15CEAD47F7DBDAE6A93E /* 000IslandsViewController_Image_2.png */; };
		4CA2FE5159CC77BB4CBE55DF /* PastRoutsViewController.m in Sources */ = {isa = PBXBuildFile; fileRef = 2A75703535621D21F31A3B8B /* PastRoutsViewController.m */; };
		502E315BB353F54B3E66902A /* HomeViewController_Image_1.png in Resources */ = {isa = PBXBuildFile; fileRef = 902C8B09F59B750F521143C7 /* HomeViewController_Image_1.png */; };
		5190658727D09B5781E69AE3 /* FishOnViewController_Image_2.png in Resources */ = {isa = PBXBuildFile; fileRef = 0F94F653B56709B090ECCA9D /* FishOnViewController_Image_2.png */; };
		530535AB2D44F2F10035134F /* SettingsViewController_Image_3.png in Resources */ = {isa = PBXBuildFile; fileRef = 84101D39A9950154EA56DC8A /* SettingsViewController_Image_3.png */; };
		54612FD9A23A6201C0D1EDA5 /* IslandsViewController.m in Sources */ = {isa = PBXBuildFile; fileRef = 8320F8A033D11D747F54D6E5 /* IslandsViewController.m */; };
		582E62A043E25794C5CC9509 /* SettingsViewController_Image_1.png in Resources */ = {isa = PBXBuildFile; fileRef = B890D9F06506DD81E2C0A72D /* SettingsViewController_Image_1.png */; };
		743421225FD76C839E036A35 /* PastRoutsViewController_Image_2.png in Resources */ = {isa = PBXBuildFile; fileRef = 912A1EE2A3539AB822153F3D /* PastRoutsViewController_Image_2.png */; };
		75B1B5EF2D116A3642DC812F /* FishOnViewController_Image_1.png in Resources */ = {isa = PBXBuildFile; fileRef = DB13E4FCABCD411F98A2039D /* FishOnViewController_Image_1.png */; };
		88F38243E35F12A6BF3FC404 /* PastRoutsViewController_Image_1.png in Resources */ = {isa = PBXBuildFile; fileRef = 5D8D1F63CD89B93FF37F34D2 /* PastRoutsViewController_Image_1.png */; };
		B10BD7B356E26152B92BA509 /* NewRouteViewController.m in Sources */ = {isa = PBXBuildFile; fileRef = 022C3495D7D6C36DB795A6EB /* NewRouteViewController.m */; };
		BC44D0CE5B9884EB5A92E0AD /* NewRouteViewController_Image_1.png in Resources */ = {isa = PBXBuildFile; fileRef = 877707A17D03F4A5CDAB3CD1 /* NewRouteViewController_Image_1.png */; };
		C412273E0E1BED3B65A48860 /* HomeViewController.m in Sources */ = {isa = PBXBuildFile; fileRef = 06B6BFF45B78D1C6D36E7622 /* HomeViewController.m */; };
		C5130D3D5F3EED5B39F882C8 /* FishOnViewController_Image_3.png in Resources */ = {isa = PBXBuildFile; fileRef = F227777459E673EF2064B196 /* FishOnViewController_Image_3.png */; };
		DFAD8D672C21D55FC2B46D41 /* 000IslandsViewController_Image_1.png in Resources */ = {isa = PBXBuildFile; fileRef = CC160F81AD79C7D228E9BE67 /* 000IslandsViewController_Image_1.png */; };
		F79F57AD2A8662530BF1C11A /* SettingsViewController.m in Sources */ = {isa = PBXBuildFile; fileRef = 8B87A4DB19F1847C585A1C19 /* SettingsViewController.m */; };
/* End PBXBuildFile section */

/* Begin PBXFileReference section */
		022C3495D7D6C36DB795A6EB /* NewRouteViewController.m */ = {isa = PBXFileReference; lastKnownFileType = sourcecode.c.objc; path = NewRouteViewController.m; sourceTree = "<group>"; };
		02AA5E0514D57AF2004CE70D /* Gradient.h */ = {isa = PBXFileReference; fileEncoding = 4; lastKnownFileType = sourcecode.c.h; path = Gradient.h; sourceTree = "<group>"; };
		02AA5E0614D57AF2004CE70D /* Gradient.m */ = {isa = PBXFileReference; fileEncoding = 4; lastKnownFileType = sourcecode.c.objc; path = Gradient.m; sourceTree = "<group>"; };
		02AA5E0714D57AF2004CE70D /* GradientNode.h */ = {isa = PBXFileReference; fileEncoding = 4; lastKnownFileType = sourcecode.c.h; path = GradientNode.h; sourceTree = "<group>"; };
		02AA5E0814D57AF2004CE70D /* GradientNode.m */ = {isa = PBXFileReference; fileEncoding = 4; lastKnownFileType = sourcecode.c.objc; path = GradientNode.m; sourceTree = "<group>"; };
		02AA5E0914D57AF2004CE70D /* GradientView.h */ = {isa = PBXFileReference; fileEncoding = 4; lastKnownFileType = sourcecode.c.h; path = GradientView.h; sourceTree = "<group>"; };
		02AA5E0A14D57AF2004CE70D /* GradientView.m */ = {isa = PBXFileReference; fileEncoding = 4; lastKnownFileType = sourcecode.c.objc; path = GradientView.m; sourceTree = "<group>"; };
		02AA5E3714D59768004CE70D /* CoreLocation.framework */ = {isa = PBXFileReference; lastKnownFileType = wrapper.framework; name = CoreLocation.framework; path = System/Library/Frameworks/CoreLocation.framework; sourceTree = SDKROOT; };
		02AA5E3A14D597DB004CE70D /* MKMapView+ZoomLevel.h */ = {isa = PBXFileReference; fileEncoding = 4; lastKnownFileType = sourcecode.c.h; path = "MKMapView+ZoomLevel.h"; sourceTree = "<group>"; };
		02AA5E3B14D597DB004CE70D /* MKMapView+ZoomLevel.m */ = {isa = PBXFileReference; fileEncoding = 4; lastKnownFileType = sourcecode.c.objc; path = "MKMapView+ZoomLevel.m"; sourceTree = "<group>"; };
		02C8A2B014C97CA60021F408 /* Interface Export.app */ = {isa = PBXFileReference; explicitFileType = wrapper.application; includeInIndex = 0; path = "Interface Export.app"; sourceTree = BUILT_PRODUCTS_DIR; };
		02C8A2B414C97CA60021F408 /* UIKit.framework */ = {isa = PBXFileReference; lastKnownFileType = wrapper.framework; name = UIKit.framework; path = System/Library/Frameworks/UIKit.framework; sourceTree = SDKROOT; };
		02C8A2B614C97CA60021F408 /* Foundation.framework */ = {isa = PBXFileReference; lastKnownFileType = wrapper.framework; name = Foundation.framework; path = System/Library/Frameworks/Foundation.framework; sourceTree = SDKROOT; };
		02C8A2B814C97CA60021F408 /* CoreGraphics.framework */ = {isa = PBXFileReference; lastKnownFileType = wrapper.framework; name = CoreGraphics.framework; path = System/Library/Frameworks/CoreGraphics.framework; sourceTree = SDKROOT; };
		02C8A2BC14C97CA60021F408 /* Interface Export-Info.plist */ = {isa = PBXFileReference; lastKnownFileType = text.plist.xml; path = "Interface Export-Info.plist"; sourceTree = "<group>"; };
		02C8A2BE14C97CA60021F408 /* en */ = {isa = PBXFileReference; lastKnownFileType = text.plist.strings; name = en; path = en.lproj/InfoPlist.strings; sourceTree = "<group>"; };
		02C8A2C014C97CA60021F408 /* main.m */ = {isa = PBXFileReference; lastKnownFileType = sourcecode.c.objc; path = main.m; sourceTree = "<group>"; };
		02C8A2C214C97CA60021F408 /* Interface Export-Prefix.pch */ = {isa = PBXFileReference; lastKnownFileType = sourcecode.c.h; path = "Interface Export-Prefix.pch"; sourceTree = "<group>"; };
		02C8A2C314C97CA60021F408 /* IFAppDelegate.h */ = {isa = PBXFileReference; lastKnownFileType = sourcecode.c.h; path = IFAppDelegate.h; sourceTree = "<group>"; };
		02C8A2C414C97CA60021F408 /* IFAppDelegate.m */ = {isa = PBXFileReference; lastKnownFileType = sourcecode.c.objc; path = IFAppDelegate.m; sourceTree = "<group>"; };
		02C8A2CB14C97CC00021F408 /* MapKit.framework */ = {isa = PBXFileReference; lastKnownFileType = wrapper.framework; name = MapKit.framework; path = System/Library/Frameworks/MapKit.framework; sourceTree = SDKROOT; };
		02C8A2CD14C97CC80021F408 /* QuartzCore.framework */ = {isa = PBXFileReference; lastKnownFileType = wrapper.framework; name = QuartzCore.framework; path = System/Library/Frameworks/QuartzCore.framework; sourceTree = SDKROOT; };
		0575231BAE8CD9D49D9B4B21 /* SettingsViewController.h */ = {isa = PBXFileReference; lastKnownFileType = sourcecode.c.h; path = SettingsViewController.h; sourceTree = "<group>"; };
		06B6BFF45B78D1C6D36E7622 /* HomeViewController.m */ = {isa = PBXFileReference; lastKnownFileType = sourcecode.c.objc; path = HomeViewController.m; sourceTree = "<group>"; };
		0EE89C0F0BCB1FE008665F66 /* IslandsViewController.h */ = {isa = PBXFileReference; lastKnownFileType = sourcecode.c.h; path = IslandsViewController.h; sourceTree = "<group>"; };
		0F94F653B56709B090ECCA9D /* FishOnViewController_Image_2.png */ = {isa = PBXFileReference; lastKnownFileType = image.png; path = FishOnViewController_Image_2.png; sourceTree = "<group>"; };
		1CFFC0FE8EC0D4D1CCFA0231 /* FishOnViewController.m */ = {isa = PBXFileReference; lastKnownFileType = sourcecode.c.objc; path = FishOnViewController.m; sourceTree = "<group>"; };
		2A75703535621D21F31A3B8B /* PastRoutsViewController.m */ = {isa = PBXFileReference; lastKnownFileType = sourcecode.c.objc; path = PastRoutsViewController.m; sourceTree = "<group>"; };
		479BD2E575DB3B22C16BA2C9 /* PastRoutsViewController.h */ = {isa = PBXFileReference; lastKnownFileType = sourcecode.c.h; path = PastRoutsViewController.h; sourceTree = "<group>"; };
		5862405C0FB88183B7AE7DCF /* SettingsViewController_Image_4.png */ = {isa = PBXFileReference; lastKnownFileType = image.png; path = SettingsViewController_Image_4.png; sourceTree = "<group>"; };
		5D8D1F63CD89B93FF37F34D2 /* PastRoutsViewController_Image_1.png */ = {isa = PBXFileReference; lastKnownFileType = image.png; path = PastRoutsViewController_Image_1.png; sourceTree = "<group>"; };
		8320F8A033D11D747F54D6E5 /* IslandsViewController.m */ = {isa = PBXFileReference; lastKnownFileType = sourcecode.c.objc; path = IslandsViewController.m; sourceTree = "<group>"; };
		84101D39A9950154EA56DC8A /* SettingsViewController_Image_3.png */ = {isa = PBXFileReference; lastKnownFileType = image.png; path = SettingsViewController_Image_3.png; sourceTree = "<group>"; };
		877707A17D03F4A5CDAB3CD1 /* NewRouteViewController_Image_1.png */ = {isa = PBXFileReference; lastKnownFileType = image.png; path = NewRouteViewController_Image_1.png; sourceTree = "<group>"; };
		8AFBDB0F9DD1C798FEF4EE21 /* FishOnViewController.h */ = {isa = PBXFileReference; lastKnownFileType = sourcecode.c.h; path = FishOnViewController.h; sourceTree = "<group>"; };
		8B87A4DB19F1847C585A1C19 /* SettingsViewController.m */ = {isa = PBXFileReference; lastKnownFileType = sourcecode.c.objc; path = SettingsViewController.m; sourceTree = "<group>"; };
		902C8B09F59B750F521143C7 /* HomeViewController_Image_1.png */ = {isa = PBXFileReference; lastKnownFileType = image.png; path = HomeViewController_Image_1.png; sourceTree = "<group>"; };
		912A1EE2A3539AB822153F3D /* PastRoutsViewController_Image_2.png */ = {isa = PBXFileReference; lastKnownFileType = image.png; path = PastRoutsViewController_Image_2.png; sourceTree = "<group>"; };
		9C1CE9CFDB6EFCC84830C88B /* SettingsViewController_Image_2.png */ = {isa = PBXFileReference; lastKnownFileType = image.png; path = SettingsViewController_Image_2.png; sourceTree = "<group>"; };
		A92F15CEAD47F7DBDAE6A93E /* 000IslandsViewController_Image_2.png */ = {isa = PBXFileReference; lastKnownFileType = image.png; path = 000IslandsViewController_Image_2.png; sourceTree = "<group>"; };
		B0252B9692818CF2123F1D25 /* HomeViewController.h */ = {isa = PBXFileReference; lastKnownFileType = sourcecode.c.h; path = HomeViewController.h; sourceTree = "<group>"; };
		B890D9F06506DD81E2C0A72D /* SettingsViewController_Image_1.png */ = {isa = PBXFileReference; lastKnownFileType = image.png; path = SettingsViewController_Image_1.png; sourceTree = "<group>"; };
		CC160F81AD79C7D228E9BE67 /* 000IslandsViewController_Image_1.png */ = {isa = PBXFileReference; lastKnownFileType = image.png; path = 000IslandsViewController_Image_1.png; sourceTree = "<group>"; };
		DB13E4FCABCD411F98A2039D /* FishOnViewController_Image_1.png */ = {isa = PBXFileReference; lastKnownFileType = image.png; path = FishOnViewController_Image_1.png; sourceTree = "<group>"; };
		F227777459E673EF2064B196 /* FishOnViewController_Image_3.png */ = {isa = PBXFileReference; lastKnownFileType = image.png; path = FishOnViewController_Image_3.png; sourceTree = "<group>"; };
		FF822452B58EC9884BA0BEDB /* NewRouteViewController.h */ = {isa = PBXFileReference; lastKnownFileType = sourcecode.c.h; path = NewRouteViewController.h; sourceTree = "<group>"; };
/* End PBXFileReference section */

/* Begin PBXFrameworksBuildPhase section */
		02C8A2AD14C97CA60021F408 /* Frameworks */ = {
			isa = PBXFrameworksBuildPhase;
			buildActionMask = 2147483647;
			files = (
				02C8A2CE14C97CC80021F408 /* QuartzCore.framework in Frameworks */,
				02C8A2CC14C97CC00021F408 /* MapKit.framework in Frameworks */,
				02C8A2B514C97CA60021F408 /* UIKit.framework in Frameworks */,
				02C8A2B714C97CA60021F408 /* Foundation.framework in Frameworks */,
				02C8A2B914C97CA60021F408 /* CoreGraphics.framework in Frameworks */,
				02AA5E3814D59768004CE70D /* CoreLocation.framework in Frameworks */,
			);
			runOnlyForDeploymentPostprocessing = 0;
		};
/* End PBXFrameworksBuildPhase section */

/* Begin PBXGroup section */
		02C8A2A514C97CA60021F408 = {
			isa = PBXGroup;
			children = (
				02C8A2BA14C97CA60021F408 /* Interface Export */,
				02C8A2B314C97CA60021F408 /* Frameworks */,
				02C8A2B114C97CA60021F408 /* Products */,
			);
			sourceTree = "<group>";
		};
		02C8A2B114C97CA60021F408 /* Products */ = {
			isa = PBXGroup;
			children = (
				02C8A2B014C97CA60021F408 /* Interface Export.app */,
			);
			name = Products;
			sourceTree = "<group>";
		};
		02C8A2B314C97CA60021F408 /* Frameworks */ = {
			isa = PBXGroup;
			children = (
				02AA5E3714D59768004CE70D /* CoreLocation.framework */,
				02C8A2CD14C97CC80021F408 /* QuartzCore.framework */,
				02C8A2CB14C97CC00021F408 /* MapKit.framework */,
				02C8A2B414C97CA60021F408 /* UIKit.framework */,
				02C8A2B614C97CA60021F408 /* Foundation.framework */,
				02C8A2B814C97CA60021F408 /* CoreGraphics.framework */,
			);
			name = Frameworks;
			sourceTree = "<group>";
		};
		02C8A2BA14C97CA60021F408 /* Interface Export */ = {
			isa = PBXGroup;
			children = (
				02C8A2C314C97CA60021F408 /* IFAppDelegate.h */,
				02C8A2C414C97CA60021F408 /* IFAppDelegate.m */,
				B0252B9692818CF2123F1D25 /* HomeViewController.h */,
				06B6BFF45B78D1C6D36E7622 /* HomeViewController.m */,
				0EE89C0F0BCB1FE008665F66 /* IslandsViewController.h */,
				8320F8A033D11D747F54D6E5 /* IslandsViewController.m */,
				FF822452B58EC9884BA0BEDB /* NewRouteViewController.h */,
				022C3495D7D6C36DB795A6EB /* NewRouteViewController.m */,
				8AFBDB0F9DD1C798FEF4EE21 /* FishOnViewController.h */,
				1CFFC0FE8EC0D4D1CCFA0231 /* FishOnViewController.m */,
				479BD2E575DB3B22C16BA2C9 /* PastRoutsViewController.h */,
				2A75703535621D21F31A3B8B /* PastRoutsViewController.m */,
				0575231BAE8CD9D49D9B4B21 /* SettingsViewController.h */,
				8B87A4DB19F1847C585A1C19 /* SettingsViewController.m */,
				902C8B09F59B750F521143C7 /* HomeViewController_Image_1.png */,
				CC160F81AD79C7D228E9BE67 /* 000IslandsViewController_Image_1.png */,
				A92F15CEAD47F7DBDAE6A93E /* 000IslandsViewController_Image_2.png */,
				877707A17D03F4A5CDAB3CD1 /* NewRouteViewController_Image_1.png */,
				DB13E4FCABCD411F98A2039D /* FishOnViewController_Image_1.png */,
				0F94F653B56709B090ECCA9D /* FishOnViewController_Image_2.png */,
				F227777459E673EF2064B196 /* FishOnViewController_Image_3.png */,
				5D8D1F63CD89B93FF37F34D2 /* PastRoutsViewController_Image_1.png */,
				912A1EE2A3539AB822153F3D /* PastRoutsViewController_Image_2.png */,
				B890D9F06506DD81E2C0A72D /* SettingsViewController_Image_1.png */,
				9C1CE9CFDB6EFCC84830C88B /* SettingsViewController_Image_2.png */,
				84101D39A9950154EA56DC8A /* SettingsViewController_Image_3.png */,
				5862405C0FB88183B7AE7DCF /* SettingsViewController_Image_4.png */,
				02C8A2BB14C97CA60021F408 /* Supporting Files */,
			);
			path = "Interface Export";
			sourceTree = "<group>";
		};
		02C8A2BB14C97CA60021F408 /* Supporting Files */ = {
			isa = PBXGroup;
			children = (
				02AA5E0514D57AF2004CE70D /* Gradient.h */,
				02AA5E0614D57AF2004CE70D /* Gradient.m */,
				02AA5E0714D57AF2004CE70D /* GradientNode.h */,
				02AA5E0814D57AF2004CE70D /* GradientNode.m */,
				02AA5E0914D57AF2004CE70D /* GradientView.h */,
				02AA5E0A14D57AF2004CE70D /* GradientView.m */,
				02AA5E3A14D597DB004CE70D /* MKMapView+ZoomLevel.h */,
				02AA5E3B14D597DB004CE70D /* MKMapView+ZoomLevel.m */,
				02C8A2BC14C97CA60021F408 /* Interface Export-Info.plist */,
				02C8A2BD14C97CA60021F408 /* InfoPlist.strings */,
				02C8A2C014C97CA60021F408 /* main.m */,
				02C8A2C214C97CA60021F408 /* Interface Export-Prefix.pch */,
			);
			name = "Supporting Files";
			sourceTree = "<group>";
		};
/* End PBXGroup section */

/* Begin PBXNativeTarget section */
		02C8A2AF14C97CA60021F408 /* Interface Export */ = {
			isa = PBXNativeTarget;
			buildConfigurationList = 02C8A2C814C97CA60021F408 /* Build configuration list for PBXNativeTarget "Interface Export" */;
			buildPhases = (
				02C8A2AC14C97CA60021F408 /* Sources */,
				02C8A2AD14C97CA60021F408 /* Frameworks */,
				02C8A2AE14C97CA60021F408 /* Resources */,
			);
			buildRules = (
			);
			dependencies = (
			);
			name = "Interface Export";
			productName = "Interface Export";
			productReference = 02C8A2B014C97CA60021F408 /* Interface Export.app */;
			productType = "com.apple.product-type.application";
		};
/* End PBXNativeTarget section */

/* Begin PBXProject section */
		02C8A2A714C97CA60021F408 /* Project object */ = {
			isa = PBXProject;
			attributes = {
				LastUpgradeCheck = 0420;
				ORGANIZATIONNAME = "Less Code Limited";
			};
			buildConfigurationList = 02C8A2AA14C97CA60021F408 /* Build configuration list for PBXProject "Interface Export" */;
			compatibilityVersion = "Xcode 3.2";
			developmentRegion = English;
			hasScannedForEncodings = 0;
			knownRegions = (
				en,
			);
			mainGroup = 02C8A2A514C97CA60021F408;
			productRefGroup = 02C8A2B114C97CA60021F408 /* Products */;
			projectDirPath = "";
			projectRoot = "";
			targets = (
				02C8A2AF14C97CA60021F408 /* Interface Export */,
			);
		};
/* End PBXProject section */

/* Begin PBXResourcesBuildPhase section */
		02C8A2AE14C97CA60021F408 /* Resources */ = {
			isa = PBXResourcesBuildPhase;
			buildActionMask = 2147483647;
			files = (
				02C8A2BF14C97CA60021F408 /* InfoPlist.strings in Resources */,
				502E315BB353F54B3E66902A /* HomeViewController_Image_1.png in Resources */,
				DFAD8D672C21D55FC2B46D41 /* 000IslandsViewController_Image_1.png in Resources */,
				3ECCA5CB4CAF4562EA566E92 /* 000IslandsViewController_Image_2.png in Resources */,
				BC44D0CE5B9884EB5A92E0AD /* NewRouteViewController_Image_1.png in Resources */,
				75B1B5EF2D116A3642DC812F /* FishOnViewController_Image_1.png in Resources */,
				5190658727D09B5781E69AE3 /* FishOnViewController_Image_2.png in Resources */,
				C5130D3D5F3EED5B39F882C8 /* FishOnViewController_Image_3.png in Resources */,
				88F38243E35F12A6BF3FC404 /* PastRoutsViewController_Image_1.png in Resources */,
				743421225FD76C839E036A35 /* PastRoutsViewController_Image_2.png in Resources */,
				582E62A043E25794C5CC9509 /* SettingsViewController_Image_1.png in Resources */,
				06EB0C960A5F5BD3B643E5D9 /* SettingsViewController_Image_2.png in Resources */,
				530535AB2D44F2F10035134F /* SettingsViewController_Image_3.png in Resources */,
				3CB1E50196FF83C47AD550DA /* SettingsViewController_Image_4.png in Resources */,
			);
			runOnlyForDeploymentPostprocessing = 0;
		};
/* End PBXResourcesBuildPhase section */

/* Begin PBXSourcesBuildPhase section */
		02C8A2AC14C97CA60021F408 /* Sources */ = {
			isa = PBXSourcesBuildPhase;
			buildActionMask = 2147483647;
			files = (
				02C8A2C114C97CA60021F408 /* main.m in Sources */,
				02C8A2C514C97CA60021F408 /* IFAppDelegate.m in Sources */,
				02AA5E0B14D57AF2004CE70D /* Gradient.m in Sources */,
				02AA5E0C14D57AF2004CE70D /* GradientNode.m in Sources */,
				02AA5E0D14D57AF2004CE70D /* GradientView.m in Sources */,
				02AA5E3C14D597DB004CE70D /* MKMapView+ZoomLevel.m in Sources */,
				C412273E0E1BED3B65A48860 /* HomeViewController.m in Sources */,
				54612FD9A23A6201C0D1EDA5 /* IslandsViewController.m in Sources */,
				B10BD7B356E26152B92BA509 /* NewRouteViewController.m in Sources */,
				0F111E41C66D83A3A8142E18 /* FishOnViewController.m in Sources */,
				4CA2FE5159CC77BB4CBE55DF /* PastRoutsViewController.m in Sources */,
				F79F57AD2A8662530BF1C11A /* SettingsViewController.m in Sources */,
			);
			runOnlyForDeploymentPostprocessing = 0;
		};
/* End PBXSourcesBuildPhase section */

/* Begin PBXVariantGroup section */
		02C8A2BD14C97CA60021F408 /* InfoPlist.strings */ = {
			isa = PBXVariantGroup;
			children = (
				02C8A2BE14C97CA60021F408 /* en */,
			);
			name = InfoPlist.strings;
			sourceTree = "<group>";
		};
/* End PBXVariantGroup section */

/* Begin XCBuildConfiguration section */
		02C8A2C614C97CA60021F408 /* Debug */ = {
			isa = XCBuildConfiguration;
			buildSettings = {
				ALWAYS_SEARCH_USER_PATHS = NO;
				ARCHS = "$(ARCHS_STANDARD_32_BIT)";
				"CODE_SIGN_IDENTITY[sdk=iphoneos*]" = "iPhone Developer";
				COPY_PHASE_STRIP = NO;
				GCC_C_LANGUAGE_STANDARD = gnu99;
				GCC_DYNAMIC_NO_PIC = NO;
				GCC_OPTIMIZATION_LEVEL = 0;
				GCC_PREPROCESSOR_DEFINITIONS = (
					"DEBUG=1",
					"$(inherited)",
				);
				GCC_SYMBOLS_PRIVATE_EXTERN = NO;
				GCC_VERSION = com.apple.compilers.llvm.clang.1_0;
				GCC_WARN_ABOUT_MISSING_PROTOTYPES = YES;
				GCC_WARN_ABOUT_RETURN_TYPE = YES;
				GCC_WARN_UNUSED_VARIABLE = YES;
				IPHONEOS_DEPLOYMENT_TARGET = 5.0;
				SDKROOT = iphoneos;
			};
			name = Debug;
		};
		02C8A2C714C97CA60021F408 /* Release */ = {
			isa = XCBuildConfiguration;
			buildSettings = {
				ALWAYS_SEARCH_USER_PATHS = NO;
				ARCHS = "$(ARCHS_STANDARD_32_BIT)";
				"CODE_SIGN_IDENTITY[sdk=iphoneos*]" = "iPhone Developer";
				COPY_PHASE_STRIP = YES;
				GCC_C_LANGUAGE_STANDARD = gnu99;
				GCC_VERSION = com.apple.compilers.llvm.clang.1_0;
				GCC_WARN_ABOUT_MISSING_PROTOTYPES = YES;
				GCC_WARN_ABOUT_RETURN_TYPE = YES;
				GCC_WARN_UNUSED_VARIABLE = YES;
				IPHONEOS_DEPLOYMENT_TARGET = 5.0;
				OTHER_CFLAGS = "-DNS_BLOCK_ASSERTIONS=1";
				SDKROOT = iphoneos;
				VALIDATE_PRODUCT = YES;
			};
			name = Release;
		};
		02C8A2C914C97CA60021F408 /* Debug */ = {
			isa = XCBuildConfiguration;
			buildSettings = {
				GCC_PRECOMPILE_PREFIX_HEADER = YES;
				GCC_PREFIX_HEADER = "Interface Export/Interface Export-Prefix.pch";
				INFOPLIST_FILE = "Interface Export/Interface Export-Info.plist";
				PRODUCT_NAME = "$(TARGET_NAME)";
				WRAPPER_EXTENSION = app;
			};
			name = Debug;
		};
		02C8A2CA14C97CA60021F408 /* Release */ = {
			isa = XCBuildConfiguration;
			buildSettings = {
				GCC_PRECOMPILE_PREFIX_HEADER = YES;
				GCC_PREFIX_HEADER = "Interface Export/Interface Export-Prefix.pch";
				INFOPLIST_FILE = "Interface Export/Interface Export-Info.plist";
				PRODUCT_NAME = "$(TARGET_NAME)";
				WRAPPER_EXTENSION = app;
			};
			name = Release;
		};
/* End XCBuildConfiguration section */

/* Begin XCConfigurationList section */
		02C8A2AA14C97CA60021F408 /* Build configuration list for PBXProject "Interface Export" */ = {
			isa = XCConfigurationList;
			buildConfigurations = (
				02C8A2C614C97CA60021F408 /* Debug */,
				02C8A2C714C97CA60021F408 /* Release */,
			);
			defaultConfigurationIsVisible = 0;
			defaultConfigurationName = Release;
		};
		02C8A2C814C97CA60021F408 /* Build configuration list for PBXNativeTarget "Interface Export" */ = {
			isa = XCConfigurationList;
			buildConfigurations = (
				02C8A2C914C97CA60021F408 /* Debug */,
				02C8A2CA14C97CA60021F408 /* Release */,
			);
			defaultConfigurationIsVisible = 0;
			defaultConfigurationName = Release;
		};
/* End XCConfigurationList section */
	};
	rootObject = 02C8A2A714C97CA60021F408 /* Project object */;
}
